
Microsoft Visual Studio Solution File, Format Version 12.00
# Visual Studio 15
VisualStudioVersion = 15.0.27703.2035
MinimumVisualStudioVersion = 10.0.40219.1
Project("{FAE04EC0-301F-11D3-BF4B-00C04F79EFBC}") = "AzureFunctions", "AzureFunctions\AzureFunctions.csproj", "{51B07010-2F46-4BE1-9146-3D51A7FA29D7}"
EndProject
Global
	GlobalSection(SolutionConfigurationPlatforms) = preSolution
		Debug|Any CPU = Debug|Any CPU
		Release|Any CPU = Release|Any CPU
	EndGlobalSection
	GlobalSection(ProjectConfigurationPlatforms) = postSolution
		{51B07010-2F46-4BE1-9146-3D51A7FA29D7}.Debug|Any CPU.ActiveCfg = Debug|Any CPU
		{51B07010-2F46-4BE1-9146-3D51A7FA29D7}.Debug|Any CPU.Build.0 = Debug|Any CPU
		{51B07010-2F46-4BE1-9146-3D51A7FA29D7}.Release|Any CPU.ActiveCfg = Release|Any CPU
		{51B07010-2F46-4BE1-9146-3D51A7FA29D7}.Release|Any CPU.Build.0 = Release|Any CPU
	EndGlobalSection
	GlobalSection(SolutionProperties) = preSolution
		HideSolutionNode = FALSE
	EndGlobalSection
	GlobalSection(ExtensibilityGlobals) = postSolution
		SolutionGuid = {734B691E-3D76-4048-A5B9-FD6F5BE36FB5}
	EndGlobalSection
EndGlobal
